// !$*UTF8*$!
{
	archiveVersion = 1;
	classes = {
	};
	objectVersion = 55;
	objects = {

/* Begin PBXBuildFile section */
		2245F2512745CF86007B2D53 /* ApiClient.swift in Sources */ = {isa = PBXBuildFile; fileRef = 2245F2502745CF86007B2D53 /* ApiClient.swift */; };
		2245F2532745D079007B2D53 /* BaseInterceptor.swift in Sources */ = {isa = PBXBuildFile; fileRef = 2245F2522745D079007B2D53 /* BaseInterceptor.swift */; };
		2245F2552745D19D007B2D53 /* ApiLogger.swift in Sources */ = {isa = PBXBuildFile; fileRef = 2245F2542745D19D007B2D53 /* ApiLogger.swift */; };
		2245F2572745D34B007B2D53 /* AuthRouter.swift in Sources */ = {isa = PBXBuildFile; fileRef = 2245F2562745D34B007B2D53 /* AuthRouter.swift */; };
		2245F25A2745DA64007B2D53 /* AuthApService.swift in Sources */ = {isa = PBXBuildFile; fileRef = 2245F2592745DA64007B2D53 /* AuthApService.swift */; };
		2245F25C2745DD46007B2D53 /* TokenData.swift in Sources */ = {isa = PBXBuildFile; fileRef = 2245F25B2745DD46007B2D53 /* TokenData.swift */; };
		2245F25E2745E1B4007B2D53 /* AuthResponse.swift in Sources */ = {isa = PBXBuildFile; fileRef = 2245F25D2745E1B4007B2D53 /* AuthResponse.swift */; };
		2245F2612745EE56007B2D53 /* UserVM.swift in Sources */ = {isa = PBXBuildFile; fileRef = 2245F2602745EE56007B2D53 /* UserVM.swift */; };
		2245F2642746276F007B2D53 /* UserDefaultManager.swift in Sources */ = {isa = PBXBuildFile; fileRef = 2245F2632746276F007B2D53 /* UserDefaultManager.swift */; };
		2245F26627462EF3007B2D53 /* UserRouter.swift in Sources */ = {isa = PBXBuildFile; fileRef = 2245F26527462EF3007B2D53 /* UserRouter.swift */; };
		2245F26827462FE1007B2D53 /* UserApiService.swift in Sources */ = {isa = PBXBuildFile; fileRef = 2245F26727462FE1007B2D53 /* UserApiService.swift */; };
		2245F26A27463098007B2D53 /* UserInfoResponse.swift in Sources */ = {isa = PBXBuildFile; fileRef = 2245F26927463098007B2D53 /* UserInfoResponse.swift */; };
		2245F26D27463216007B2D53 /* OAuthCredential.swift in Sources */ = {isa = PBXBuildFile; fileRef = 2245F26C27463216007B2D53 /* OAuthCredential.swift */; };
		2245F26F27463235007B2D53 /* OAuthAuthenticator.swift in Sources */ = {isa = PBXBuildFile; fileRef = 2245F26E27463235007B2D53 /* OAuthAuthenticator.swift */; };
		2245F271274636CE007B2D53 /* TokenResponse.swift in Sources */ = {isa = PBXBuildFile; fileRef = 2245F270274636CE007B2D53 /* TokenResponse.swift */; };
		224DC925274B8AAD004B502F /* Test.swift in Sources */ = {isa = PBXBuildFile; fileRef = 224DC924274B8AAD004B502F /* Test.swift */; };
		22B186E127452CCB00F1B01C /* ProfileView.swift in Sources */ = {isa = PBXBuildFile; fileRef = 22B186E027452CCB00F1B01C /* ProfileView.swift */; };
		22B186E527452F6100F1B01C /* UserData.swift in Sources */ = {isa = PBXBuildFile; fileRef = 22B186E427452F6100F1B01C /* UserData.swift */; };
		22B186E727453EA500F1B01C /* OtherUserProfileView.swift in Sources */ = {isa = PBXBuildFile; fileRef = 22B186E627453EA500F1B01C /* OtherUserProfileView.swift */; };
		22B186E92745407600F1B01C /* UserListView.swift in Sources */ = {isa = PBXBuildFile; fileRef = 22B186E82745407600F1B01C /* UserListView.swift */; };
		22B186EC2745463600F1B01C /* Alamofire in Frameworks */ = {isa = PBXBuildFile; productRef = 22B186EB2745463600F1B01C /* Alamofire */; };
		22C064C6274935ED00A9F801 /* CallToActionButton.swift in Sources */ = {isa = PBXBuildFile; fileRef = 22C064C5274935ED00A9F801 /* CallToActionButton.swift */; };
		22D87CA22747434D00A11076 /* TestData.swift in Sources */ = {isa = PBXBuildFile; fileRef = 22D87CA12747434D00A11076 /* TestData.swift */; };
		22F8599B2744DD420021A469 /* Oauth_alamofire_tutorialApp.swift in Sources */ = {isa = PBXBuildFile; fileRef = 22F8599A2744DD420021A469 /* Oauth_alamofire_tutorialApp.swift */; };
		22F8599D2744DD420021A469 /* ContentView.swift in Sources */ = {isa = PBXBuildFile; fileRef = 22F8599C2744DD420021A469 /* ContentView.swift */; };
		22F8599F2744DD440021A469 /* Assets.xcassets in Resources */ = {isa = PBXBuildFile; fileRef = 22F8599E2744DD440021A469 /* Assets.xcassets */; };
		22F859A22744DD440021A469 /* Preview Assets.xcassets in Resources */ = {isa = PBXBuildFile; fileRef = 22F859A12744DD440021A469 /* Preview Assets.xcassets */; };
		22F859AC2744DD450021A469 /* Oauth_alamofire_tutorialTests.swift in Sources */ = {isa = PBXBuildFile; fileRef = 22F859AB2744DD450021A469 /* Oauth_alamofire_tutorialTests.swift */; };
		22F859B62744DD450021A469 /* Oauth_alamofire_tutorialUITests.swift in Sources */ = {isa = PBXBuildFile; fileRef = 22F859B52744DD450021A469 /* Oauth_alamofire_tutorialUITests.swift */; };
		22F859B82744DD450021A469 /* Oauth_alamofire_tutorialUITestsLaunchTests.swift in Sources */ = {isa = PBXBuildFile; fileRef = 22F859B72744DD450021A469 /* Oauth_alamofire_tutorialUITestsLaunchTests.swift */; };
		22F859C62744E59F0021A469 /* LoginView.swift in Sources */ = {isa = PBXBuildFile; fileRef = 22F859C52744E59F0021A469 /* LoginView.swift */; };
		22F859C82744EAD10021A469 /* RegisterView.swift in Sources */ = {isa = PBXBuildFile; fileRef = 22F859C72744EAD10021A469 /* RegisterView.swift */; };
/* End PBXBuildFile section */

/* Begin PBXContainerItemProxy section */
		22F859A82744DD450021A469 /* PBXContainerItemProxy */ = {
			isa = PBXContainerItemProxy;
			containerPortal = 22F8598F2744DD420021A469 /* Project object */;
			proxyType = 1;
			remoteGlobalIDString = 22F859962744DD420021A469;
			remoteInfo = Oauth_alamofire_tutorial;
		};
		22F859B22744DD450021A469 /* PBXContainerItemProxy */ = {
			isa = PBXContainerItemProxy;
			containerPortal = 22F8598F2744DD420021A469 /* Project object */;
			proxyType = 1;
			remoteGlobalIDString = 22F859962744DD420021A469;
			remoteInfo = Oauth_alamofire_tutorial;
		};
/* End PBXContainerItemProxy section */

/* Begin PBXFileReference section */
		2245F2502745CF86007B2D53 /* ApiClient.swift */ = {isa = PBXFileReference; lastKnownFileType = sourcecode.swift; path = ApiClient.swift; sourceTree = "<group>"; };
		2245F2522745D079007B2D53 /* BaseInterceptor.swift */ = {isa = PBXFileReference; lastKnownFileType = sourcecode.swift; path = BaseInterceptor.swift; sourceTree = "<group>"; };
		2245F2542745D19D007B2D53 /* ApiLogger.swift */ = {isa = PBXFileReference; lastKnownFileType = sourcecode.swift; path = ApiLogger.swift; sourceTree = "<group>"; };
		2245F2562745D34B007B2D53 /* AuthRouter.swift */ = {isa = PBXFileReference; lastKnownFileType = sourcecode.swift; path = AuthRouter.swift; sourceTree = "<group>"; };
		2245F2592745DA64007B2D53 /* AuthApService.swift */ = {isa = PBXFileReference; lastKnownFileType = sourcecode.swift; path = AuthApService.swift; sourceTree = "<group>"; };
		2245F25B2745DD46007B2D53 /* TokenData.swift */ = {isa = PBXFileReference; lastKnownFileType = sourcecode.swift; path = TokenData.swift; sourceTree = "<group>"; };
		2245F25D2745E1B4007B2D53 /* AuthResponse.swift */ = {isa = PBXFileReference; lastKnownFileType = sourcecode.swift; path = AuthResponse.swift; sourceTree = "<group>"; };
		2245F2602745EE56007B2D53 /* UserVM.swift */ = {isa = PBXFileReference; lastKnownFileType = sourcecode.swift; path = UserVM.swift; sourceTree = "<group>"; };
		2245F2632746276F007B2D53 /* UserDefaultManager.swift */ = {isa = PBXFileReference; lastKnownFileType = sourcecode.swift; path = UserDefaultManager.swift; sourceTree = "<group>"; };
		2245F26527462EF3007B2D53 /* UserRouter.swift */ = {isa = PBXFileReference; lastKnownFileType = sourcecode.swift; path = UserRouter.swift; sourceTree = "<group>"; };
		2245F26727462FE1007B2D53 /* UserApiService.swift */ = {isa = PBXFileReference; lastKnownFileType = sourcecode.swift; path = UserApiService.swift; sourceTree = "<group>"; };
		2245F26927463098007B2D53 /* UserInfoResponse.swift */ = {isa = PBXFileReference; lastKnownFileType = sourcecode.swift; path = UserInfoResponse.swift; sourceTree = "<group>"; };
		2245F26C27463216007B2D53 /* OAuthCredential.swift */ = {isa = PBXFileReference; lastKnownFileType = sourcecode.swift; path = OAuthCredential.swift; sourceTree = "<group>"; };
		2245F26E27463235007B2D53 /* OAuthAuthenticator.swift */ = {isa = PBXFileReference; lastKnownFileType = sourcecode.swift; path = OAuthAuthenticator.swift; sourceTree = "<group>"; };
		2245F270274636CE007B2D53 /* TokenResponse.swift */ = {isa = PBXFileReference; lastKnownFileType = sourcecode.swift; path = TokenResponse.swift; sourceTree = "<group>"; };
		224DC924274B8AAD004B502F /* Test.swift */ = {isa = PBXFileReference; lastKnownFileType = sourcecode.swift; path = Test.swift; sourceTree = "<group>"; };
		22B186E027452CCB00F1B01C /* ProfileView.swift */ = {isa = PBXFileReference; lastKnownFileType = sourcecode.swift; path = ProfileView.swift; sourceTree = "<group>"; };
		22B186E427452F6100F1B01C /* UserData.swift */ = {isa = PBXFileReference; lastKnownFileType = sourcecode.swift; path = UserData.swift; sourceTree = "<group>"; };
		22B186E627453EA500F1B01C /* OtherUserProfileView.swift */ = {isa = PBXFileReference; lastKnownFileType = sourcecode.swift; path = OtherUserProfileView.swift; sourceTree = "<group>"; };
		22B186E82745407600F1B01C /* UserListView.swift */ = {isa = PBXFileReference; lastKnownFileType = sourcecode.swift; path = UserListView.swift; sourceTree = "<group>"; };
		22C064C5274935ED00A9F801 /* CallToActionButton.swift */ = {isa = PBXFileReference; lastKnownFileType = sourcecode.swift; path = CallToActionButton.swift; sourceTree = "<group>"; };
		22D87CA12747434D00A11076 /* TestData.swift */ = {isa = PBXFileReference; lastKnownFileType = sourcecode.swift; path = TestData.swift; sourceTree = "<group>"; };
		22F859972744DD420021A469 /* Oauth_alamofire_tutorial.app */ = {isa = PBXFileReference; explicitFileType = wrapper.application; includeInIndex = 0; path = Oauth_alamofire_tutorial.app; sourceTree = BUILT_PRODUCTS_DIR; };
		22F8599A2744DD420021A469 /* Oauth_alamofire_tutorialApp.swift */ = {isa = PBXFileReference; lastKnownFileType = sourcecode.swift; path = Oauth_alamofire_tutorialApp.swift; sourceTree = "<group>"; };
		22F8599C2744DD420021A469 /* ContentView.swift */ = {isa = PBXFileReference; lastKnownFileType = sourcecode.swift; path = ContentView.swift; sourceTree = "<group>"; };
		22F8599E2744DD440021A469 /* Assets.xcassets */ = {isa = PBXFileReference; lastKnownFileType = folder.assetcatalog; path = Assets.xcassets; sourceTree = "<group>"; };
		22F859A12744DD440021A469 /* Preview Assets.xcassets */ = {isa = PBXFileReference; lastKnownFileType = folder.assetcatalog; path = "Preview Assets.xcassets"; sourceTree = "<group>"; };
		22F859A72744DD450021A469 /* Oauth_alamofire_tutorialTests.xctest */ = {isa = PBXFileReference; explicitFileType = wrapper.cfbundle; includeInIndex = 0; path = Oauth_alamofire_tutorialTests.xctest; sourceTree = BUILT_PRODUCTS_DIR; };
		22F859AB2744DD450021A469 /* Oauth_alamofire_tutorialTests.swift */ = {isa = PBXFileReference; lastKnownFileType = sourcecode.swift; path = Oauth_alamofire_tutorialTests.swift; sourceTree = "<group>"; };
		22F859B12744DD450021A469 /* Oauth_alamofire_tutorialUITests.xctest */ = {isa = PBXFileReference; explicitFileType = wrapper.cfbundle; includeInIndex = 0; path = Oauth_alamofire_tutorialUITests.xctest; sourceTree = BUILT_PRODUCTS_DIR; };
		22F859B52744DD450021A469 /* Oauth_alamofire_tutorialUITests.swift */ = {isa = PBXFileReference; lastKnownFileType = sourcecode.swift; path = Oauth_alamofire_tutorialUITests.swift; sourceTree = "<group>"; };
		22F859B72744DD450021A469 /* Oauth_alamofire_tutorialUITestsLaunchTests.swift */ = {isa = PBXFileReference; lastKnownFileType = sourcecode.swift; path = Oauth_alamofire_tutorialUITestsLaunchTests.swift; sourceTree = "<group>"; };
		22F859C52744E59F0021A469 /* LoginView.swift */ = {isa = PBXFileReference; lastKnownFileType = sourcecode.swift; path = LoginView.swift; sourceTree = "<group>"; };
		22F859C72744EAD10021A469 /* RegisterView.swift */ = {isa = PBXFileReference; lastKnownFileType = sourcecode.swift; path = RegisterView.swift; sourceTree = "<group>"; };
/* End PBXFileReference section */

/* Begin PBXFrameworksBuildPhase section */
		22F859942744DD420021A469 /* Frameworks */ = {
			isa = PBXFrameworksBuildPhase;
			buildActionMask = 2147483647;
			files = (
				22B186EC2745463600F1B01C /* Alamofire in Frameworks */,
			);
			runOnlyForDeploymentPostprocessing = 0;
		};
		22F859A42744DD450021A469 /* Frameworks */ = {
			isa = PBXFrameworksBuildPhase;
			buildActionMask = 2147483647;
			files = (
			);
			runOnlyForDeploymentPostprocessing = 0;
		};
		22F859AE2744DD450021A469 /* Frameworks */ = {
			isa = PBXFrameworksBuildPhase;
			buildActionMask = 2147483647;
			files = (
			);
			runOnlyForDeploymentPostprocessing = 0;
		};
/* End PBXFrameworksBuildPhase section */

/* Begin PBXGroup section */
		2245F24D2745CF3B007B2D53 /* API */ = {
			isa = PBXGroup;
			children = (
				2245F26B274631FF007B2D53 /* OAuth */,
				2245F2582745DA4F007B2D53 /* Service */,
				2245F24F2745CF69007B2D53 /* Interceptor */,
				2245F24E2745CF4F007B2D53 /* Router */,
				2245F2502745CF86007B2D53 /* ApiClient.swift */,
				2245F2542745D19D007B2D53 /* ApiLogger.swift */,
			);
			path = API;
			sourceTree = "<group>";
		};
		2245F24E2745CF4F007B2D53 /* Router */ = {
			isa = PBXGroup;
			children = (
				2245F2562745D34B007B2D53 /* AuthRouter.swift */,
				2245F26527462EF3007B2D53 /* UserRouter.swift */,
			);
			path = Router;
			sourceTree = "<group>";
		};
		2245F24F2745CF69007B2D53 /* Interceptor */ = {
			isa = PBXGroup;
			children = (
				2245F2522745D079007B2D53 /* BaseInterceptor.swift */,
			);
			path = Interceptor;
			sourceTree = "<group>";
		};
		2245F2582745DA4F007B2D53 /* Service */ = {
			isa = PBXGroup;
			children = (
				2245F2592745DA64007B2D53 /* AuthApService.swift */,
				2245F26727462FE1007B2D53 /* UserApiService.swift */,
			);
			path = Service;
			sourceTree = "<group>";
		};
		2245F25F2745EE2F007B2D53 /* ViewModel */ = {
			isa = PBXGroup;
			children = (
				2245F2602745EE56007B2D53 /* UserVM.swift */,
			);
			path = ViewModel;
			sourceTree = "<group>";
		};
		2245F26227462756007B2D53 /* Manager */ = {
			isa = PBXGroup;
			children = (
				2245F2632746276F007B2D53 /* UserDefaultManager.swift */,
			);
			path = Manager;
			sourceTree = "<group>";
		};
		2245F26B274631FF007B2D53 /* OAuth */ = {
			isa = PBXGroup;
			children = (
				2245F26C27463216007B2D53 /* OAuthCredential.swift */,
				2245F26E27463235007B2D53 /* OAuthAuthenticator.swift */,
			);
			path = OAuth;
			sourceTree = "<group>";
		};
		22B186E327452F4A00F1B01C /* Model */ = {
			isa = PBXGroup;
			children = (
				22B186E427452F6100F1B01C /* UserData.swift */,
				2245F25B2745DD46007B2D53 /* TokenData.swift */,
				2245F25D2745E1B4007B2D53 /* AuthResponse.swift */,
				2245F26927463098007B2D53 /* UserInfoResponse.swift */,
				2245F270274636CE007B2D53 /* TokenResponse.swift */,
				22D87CA12747434D00A11076 /* TestData.swift */,
			);
			path = Model;
			sourceTree = "<group>";
		};
		22C064C4274935CA00A9F801 /* Components */ = {
			isa = PBXGroup;
			children = (
				22C064C5274935ED00A9F801 /* CallToActionButton.swift */,
				224DC924274B8AAD004B502F /* Test.swift */,
			);
			path = Components;
			sourceTree = "<group>";
		};
		22F8598E2744DD420021A469 = {
			isa = PBXGroup;
			children = (
				22F859992744DD420021A469 /* Oauth_alamofire_tutorial */,
				22F859AA2744DD450021A469 /* Oauth_alamofire_tutorialTests */,
				22F859B42744DD450021A469 /* Oauth_alamofire_tutorialUITests */,
				22F859982744DD420021A469 /* Products */,
			);
			sourceTree = "<group>";
		};
		22F859982744DD420021A469 /* Products */ = {
			isa = PBXGroup;
			children = (
				22F859972744DD420021A469 /* Oauth_alamofire_tutorial.app */,
				22F859A72744DD450021A469 /* Oauth_alamofire_tutorialTests.xctest */,
				22F859B12744DD450021A469 /* Oauth_alamofire_tutorialUITests.xctest */,
			);
			name = Products;
			sourceTree = "<group>";
		};
		22F859992744DD420021A469 /* Oauth_alamofire_tutorial */ = {
			isa = PBXGroup;
			children = (
				22F8599A2744DD420021A469 /* Oauth_alamofire_tutorialApp.swift */,
				2245F24D2745CF3B007B2D53 /* API */,
				2245F26227462756007B2D53 /* Manager */,
				22F859C42744E5850021A469 /* View */,
				2245F25F2745EE2F007B2D53 /* ViewModel */,
				22B186E327452F4A00F1B01C /* Model */,
				22F8599E2744DD440021A469 /* Assets.xcassets */,
				22F859A02744DD440021A469 /* Preview Content */,
			);
			path = Oauth_alamofire_tutorial;
			sourceTree = "<group>";
		};
		22F859A02744DD440021A469 /* Preview Content */ = {
			isa = PBXGroup;
			children = (
				22F859A12744DD440021A469 /* Preview Assets.xcassets */,
			);
			path = "Preview Content";
			sourceTree = "<group>";
		};
		22F859AA2744DD450021A469 /* Oauth_alamofire_tutorialTests */ = {
			isa = PBXGroup;
			children = (
				22F859AB2744DD450021A469 /* Oauth_alamofire_tutorialTests.swift */,
			);
			path = Oauth_alamofire_tutorialTests;
			sourceTree = "<group>";
		};
		22F859B42744DD450021A469 /* Oauth_alamofire_tutorialUITests */ = {
			isa = PBXGroup;
			children = (
				22F859B52744DD450021A469 /* Oauth_alamofire_tutorialUITests.swift */,
				22F859B72744DD450021A469 /* Oauth_alamofire_tutorialUITestsLaunchTests.swift */,
			);
			path = Oauth_alamofire_tutorialUITests;
			sourceTree = "<group>";
		};
		22F859C42744E5850021A469 /* View */ = {
			isa = PBXGroup;
			children = (
				22C064C4274935CA00A9F801 /* Components */,
				22F8599C2744DD420021A469 /* ContentView.swift */,
				22B186E027452CCB00F1B01C /* ProfileView.swift */,
				22F859C52744E59F0021A469 /* LoginView.swift */,
				22F859C72744EAD10021A469 /* RegisterView.swift */,
				22B186E627453EA500F1B01C /* OtherUserProfileView.swift */,
				22B186E82745407600F1B01C /* UserListView.swift */,
			);
			path = View;
			sourceTree = "<group>";
		};
/* End PBXGroup section */

/* Begin PBXNativeTarget section */
		22F859962744DD420021A469 /* Oauth_alamofire_tutorial */ = {
			isa = PBXNativeTarget;
			buildConfigurationList = 22F859BB2744DD450021A469 /* Build configuration list for PBXNativeTarget "Oauth_alamofire_tutorial" */;
			buildPhases = (
				22F859932744DD420021A469 /* Sources */,
				22F859942744DD420021A469 /* Frameworks */,
				22F859952744DD420021A469 /* Resources */,
			);
			buildRules = (
			);
			dependencies = (
			);
			name = Oauth_alamofire_tutorial;
			packageProductDependencies = (
				22B186EB2745463600F1B01C /* Alamofire */,
			);
			productName = Oauth_alamofire_tutorial;
			productReference = 22F859972744DD420021A469 /* Oauth_alamofire_tutorial.app */;
			productType = "com.apple.product-type.application";
		};
		22F859A62744DD450021A469 /* Oauth_alamofire_tutorialTests */ = {
			isa = PBXNativeTarget;
			buildConfigurationList = 22F859BE2744DD450021A469 /* Build configuration list for PBXNativeTarget "Oauth_alamofire_tutorialTests" */;
			buildPhases = (
				22F859A32744DD450021A469 /* Sources */,
				22F859A42744DD450021A469 /* Frameworks */,
				22F859A52744DD450021A469 /* Resources */,
			);
			buildRules = (
			);
			dependencies = (
				22F859A92744DD450021A469 /* PBXTargetDependency */,
			);
			name = Oauth_alamofire_tutorialTests;
			productName = Oauth_alamofire_tutorialTests;
			productReference = 22F859A72744DD450021A469 /* Oauth_alamofire_tutorialTests.xctest */;
			productType = "com.apple.product-type.bundle.unit-test";
		};
		22F859B02744DD450021A469 /* Oauth_alamofire_tutorialUITests */ = {
			isa = PBXNativeTarget;
			buildConfigurationList = 22F859C12744DD450021A469 /* Build configuration list for PBXNativeTarget "Oauth_alamofire_tutorialUITests" */;
			buildPhases = (
				22F859AD2744DD450021A469 /* Sources */,
				22F859AE2744DD450021A469 /* Frameworks */,
				22F859AF2744DD450021A469 /* Resources */,
			);
			buildRules = (
			);
			dependencies = (
				22F859B32744DD450021A469 /* PBXTargetDependency */,
			);
			name = Oauth_alamofire_tutorialUITests;
			productName = Oauth_alamofire_tutorialUITests;
			productReference = 22F859B12744DD450021A469 /* Oauth_alamofire_tutorialUITests.xctest */;
			productType = "com.apple.product-type.bundle.ui-testing";
		};
/* End PBXNativeTarget section */

/* Begin PBXProject section */
		22F8598F2744DD420021A469 /* Project object */ = {
			isa = PBXProject;
			attributes = {
				BuildIndependentTargetsInParallel = 1;
				LastSwiftUpdateCheck = 1310;
				LastUpgradeCheck = 1310;
				TargetAttributes = {
					22F859962744DD420021A469 = {
						CreatedOnToolsVersion = 13.1;
					};
					22F859A62744DD450021A469 = {
						CreatedOnToolsVersion = 13.1;
						TestTargetID = 22F859962744DD420021A469;
					};
					22F859B02744DD450021A469 = {
						CreatedOnToolsVersion = 13.1;
						TestTargetID = 22F859962744DD420021A469;
					};
				};
			};
			buildConfigurationList = 22F859922744DD420021A469 /* Build configuration list for PBXProject "Oauth_alamofire_tutorial" */;
			compatibilityVersion = "Xcode 13.0";
			developmentRegion = en;
			hasScannedForEncodings = 0;
			knownRegions = (
				en,
				Base,
			);
			mainGroup = 22F8598E2744DD420021A469;
			packageReferences = (
				22B186EA2745463600F1B01C /* XCRemoteSwiftPackageReference "Alamofire" */,
			);
			productRefGroup = 22F859982744DD420021A469 /* Products */;
			projectDirPath = "";
			projectRoot = "";
			targets = (
				22F859962744DD420021A469 /* Oauth_alamofire_tutorial */,
				22F859A62744DD450021A469 /* Oauth_alamofire_tutorialTests */,
				22F859B02744DD450021A469 /* Oauth_alamofire_tutorialUITests */,
			);
		};
/* End PBXProject section */

/* Begin PBXResourcesBuildPhase section */
		22F859952744DD420021A469 /* Resources */ = {
			isa = PBXResourcesBuildPhase;
			buildActionMask = 2147483647;
			files = (
				22F859A22744DD440021A469 /* Preview Assets.xcassets in Resources */,
				22F8599F2744DD440021A469 /* Assets.xcassets in Resources */,
			);
			runOnlyForDeploymentPostprocessing = 0;
		};
		22F859A52744DD450021A469 /* Resources */ = {
			isa = PBXResourcesBuildPhase;
			buildActionMask = 2147483647;
			files = (
			);
			runOnlyForDeploymentPostprocessing = 0;
		};
		22F859AF2744DD450021A469 /* Resources */ = {
			isa = PBXResourcesBuildPhase;
			buildActionMask = 2147483647;
			files = (
			);
			runOnlyForDeploymentPostprocessing = 0;
		};
/* End PBXResourcesBuildPhase section */

/* Begin PBXSourcesBuildPhase section */
		22F859932744DD420021A469 /* Sources */ = {
			isa = PBXSourcesBuildPhase;
			buildActionMask = 2147483647;
			files = (
				2245F26827462FE1007B2D53 /* UserApiService.swift in Sources */,
				22B186E727453EA500F1B01C /* OtherUserProfileView.swift in Sources */,
				22B186E527452F6100F1B01C /* UserData.swift in Sources */,
				22D87CA22747434D00A11076 /* TestData.swift in Sources */,
				2245F2512745CF86007B2D53 /* ApiClient.swift in Sources */,
				2245F2572745D34B007B2D53 /* AuthRouter.swift in Sources */,
				2245F26F27463235007B2D53 /* OAuthAuthenticator.swift in Sources */,
				2245F271274636CE007B2D53 /* TokenResponse.swift in Sources */,
				2245F25A2745DA64007B2D53 /* AuthApService.swift in Sources */,
				22F8599D2744DD420021A469 /* ContentView.swift in Sources */,
				22B186E92745407600F1B01C /* UserListView.swift in Sources */,
				22F859C82744EAD10021A469 /* RegisterView.swift in Sources */,
				2245F2532745D079007B2D53 /* BaseInterceptor.swift in Sources */,
				2245F2612745EE56007B2D53 /* UserVM.swift in Sources */,
				22B186E127452CCB00F1B01C /* ProfileView.swift in Sources */,
				22F859C62744E59F0021A469 /* LoginView.swift in Sources */,
				2245F25C2745DD46007B2D53 /* TokenData.swift in Sources */,
				2245F26D27463216007B2D53 /* OAuthCredential.swift in Sources */,
				2245F26627462EF3007B2D53 /* UserRouter.swift in Sources */,
				224DC925274B8AAD004B502F /* Test.swift in Sources */,
				2245F2552745D19D007B2D53 /* ApiLogger.swift in Sources */,
				22C064C6274935ED00A9F801 /* CallToActionButton.swift in Sources */,
				2245F25E2745E1B4007B2D53 /* AuthResponse.swift in Sources */,
				2245F2642746276F007B2D53 /* UserDefaultManager.swift in Sources */,
				22F8599B2744DD420021A469 /* Oauth_alamofire_tutorialApp.swift in Sources */,
				2245F26A27463098007B2D53 /* UserInfoResponse.swift in Sources */,
			);
			runOnlyForDeploymentPostprocessing = 0;
		};
		22F859A32744DD450021A469 /* Sources */ = {
			isa = PBXSourcesBuildPhase;
			buildActionMask = 2147483647;
			files = (
				22F859AC2744DD450021A469 /* Oauth_alamofire_tutorialTests.swift in Sources */,
			);
			runOnlyForDeploymentPostprocessing = 0;
		};
		22F859AD2744DD450021A469 /* Sources */ = {
			isa = PBXSourcesBuildPhase;
			buildActionMask = 2147483647;
			files = (
				22F859B62744DD450021A469 /* Oauth_alamofire_tutorialUITests.swift in Sources */,
				22F859B82744DD450021A469 /* Oauth_alamofire_tutorialUITestsLaunchTests.swift in Sources */,
			);
			runOnlyForDeploymentPostprocessing = 0;
		};
/* End PBXSourcesBuildPhase section */

/* Begin PBXTargetDependency section */
		22F859A92744DD450021A469 /* PBXTargetDependency */ = {
			isa = PBXTargetDependency;
			target = 22F859962744DD420021A469 /* Oauth_alamofire_tutorial */;
			targetProxy = 22F859A82744DD450021A469 /* PBXContainerItemProxy */;
		};
		22F859B32744DD450021A469 /* PBXTargetDependency */ = {
			isa = PBXTargetDependency;
			target = 22F859962744DD420021A469 /* Oauth_alamofire_tutorial */;
			targetProxy = 22F859B22744DD450021A469 /* PBXContainerItemProxy */;
		};
/* End PBXTargetDependency section */

/* Begin XCBuildConfiguration section */
		22F859B92744DD450021A469 /* Debug */ = {
			isa = XCBuildConfiguration;
			buildSettings = {
				ALWAYS_SEARCH_USER_PATHS = NO;
				CLANG_ANALYZER_NONNULL = YES;
				CLANG_ANALYZER_NUMBER_OBJECT_CONVERSION = YES_AGGRESSIVE;
				CLANG_CXX_LANGUAGE_STANDARD = "gnu++17";
				CLANG_CXX_LIBRARY = "libc++";
				CLANG_ENABLE_MODULES = YES;
				CLANG_ENABLE_OBJC_ARC = YES;
				CLANG_ENABLE_OBJC_WEAK = YES;
				CLANG_WARN_BLOCK_CAPTURE_AUTORELEASING = YES;
				CLANG_WARN_BOOL_CONVERSION = YES;
				CLANG_WARN_COMMA = YES;
				CLANG_WARN_CONSTANT_CONVERSION = YES;
				CLANG_WARN_DEPRECATED_OBJC_IMPLEMENTATIONS = YES;
				CLANG_WARN_DIRECT_OBJC_ISA_USAGE = YES_ERROR;
				CLANG_WARN_DOCUMENTATION_COMMENTS = YES;
				CLANG_WARN_EMPTY_BODY = YES;
				CLANG_WARN_ENUM_CONVERSION = YES;
				CLANG_WARN_INFINITE_RECURSION = YES;
				CLANG_WARN_INT_CONVERSION = YES;
				CLANG_WARN_NON_LITERAL_NULL_CONVERSION = YES;
				CLANG_WARN_OBJC_IMPLICIT_RETAIN_SELF = YES;
				CLANG_WARN_OBJC_LITERAL_CONVERSION = YES;
				CLANG_WARN_OBJC_ROOT_CLASS = YES_ERROR;
				CLANG_WARN_QUOTED_INCLUDE_IN_FRAMEWORK_HEADER = YES;
				CLANG_WARN_RANGE_LOOP_ANALYSIS = YES;
				CLANG_WARN_STRICT_PROTOTYPES = YES;
				CLANG_WARN_SUSPICIOUS_MOVE = YES;
				CLANG_WARN_UNGUARDED_AVAILABILITY = YES_AGGRESSIVE;
				CLANG_WARN_UNREACHABLE_CODE = YES;
				CLANG_WARN__DUPLICATE_METHOD_MATCH = YES;
				COPY_PHASE_STRIP = NO;
				DEBUG_INFORMATION_FORMAT = dwarf;
				ENABLE_STRICT_OBJC_MSGSEND = YES;
				ENABLE_TESTABILITY = YES;
				GCC_C_LANGUAGE_STANDARD = gnu11;
				GCC_DYNAMIC_NO_PIC = NO;
				GCC_NO_COMMON_BLOCKS = YES;
				GCC_OPTIMIZATION_LEVEL = 0;
				GCC_PREPROCESSOR_DEFINITIONS = (
					"DEBUG=1",
					"$(inherited)",
				);
				GCC_WARN_64_TO_32_BIT_CONVERSION = YES;
				GCC_WARN_ABOUT_RETURN_TYPE = YES_ERROR;
				GCC_WARN_UNDECLARED_SELECTOR = YES;
				GCC_WARN_UNINITIALIZED_AUTOS = YES_AGGRESSIVE;
				GCC_WARN_UNUSED_FUNCTION = YES;
				GCC_WARN_UNUSED_VARIABLE = YES;
				IPHONEOS_DEPLOYMENT_TARGET = 15.0;
				MTL_ENABLE_DEBUG_INFO = INCLUDE_SOURCE;
				MTL_FAST_MATH = YES;
				ONLY_ACTIVE_ARCH = YES;
				SDKROOT = iphoneos;
				SWIFT_ACTIVE_COMPILATION_CONDITIONS = DEBUG;
				SWIFT_OPTIMIZATION_LEVEL = "-Onone";
			};
			name = Debug;
		};
		22F859BA2744DD450021A469 /* Release */ = {
			isa = XCBuildConfiguration;
			buildSettings = {
				ALWAYS_SEARCH_USER_PATHS = NO;
				CLANG_ANALYZER_NONNULL = YES;
				CLANG_ANALYZER_NUMBER_OBJECT_CONVERSION = YES_AGGRESSIVE;
				CLANG_CXX_LANGUAGE_STANDARD = "gnu++17";
				CLANG_CXX_LIBRARY = "libc++";
				CLANG_ENABLE_MODULES = YES;
				CLANG_ENABLE_OBJC_ARC = YES;
				CLANG_ENABLE_OBJC_WEAK = YES;
				CLANG_WARN_BLOCK_CAPTURE_AUTORELEASING = YES;
				CLANG_WARN_BOOL_CONVERSION = YES;
				CLANG_WARN_COMMA = YES;
				CLANG_WARN_CONSTANT_CONVERSION = YES;
				CLANG_WARN_DEPRECATED_OBJC_IMPLEMENTATIONS = YES;
				CLANG_WARN_DIRECT_OBJC_ISA_USAGE = YES_ERROR;
				CLANG_WARN_DOCUMENTATION_COMMENTS = YES;
				CLANG_WARN_EMPTY_BODY = YES;
				CLANG_WARN_ENUM_CONVERSION = YES;
				CLANG_WARN_INFINITE_RECURSION = YES;
				CLANG_WARN_INT_CONVERSION = YES;
				CLANG_WARN_NON_LITERAL_NULL_CONVERSION = YES;
				CLANG_WARN_OBJC_IMPLICIT_RETAIN_SELF = YES;
				CLANG_WARN_OBJC_LITERAL_CONVERSION = YES;
				CLANG_WARN_OBJC_ROOT_CLASS = YES_ERROR;
				CLANG_WARN_QUOTED_INCLUDE_IN_FRAMEWORK_HEADER = YES;
				CLANG_WARN_RANGE_LOOP_ANALYSIS = YES;
				CLANG_WARN_STRICT_PROTOTYPES = YES;
				CLANG_WARN_SUSPICIOUS_MOVE = YES;
				CLANG_WARN_UNGUARDED_AVAILABILITY = YES_AGGRESSIVE;
				CLANG_WARN_UNREACHABLE_CODE = YES;
				CLANG_WARN__DUPLICATE_METHOD_MATCH = YES;
				COPY_PHASE_STRIP = NO;
				DEBUG_INFORMATION_FORMAT = "dwarf-with-dsym";
				ENABLE_NS_ASSERTIONS = NO;
				ENABLE_STRICT_OBJC_MSGSEND = YES;
				GCC_C_LANGUAGE_STANDARD = gnu11;
				GCC_NO_COMMON_BLOCKS = YES;
				GCC_WARN_64_TO_32_BIT_CONVERSION = YES;
				GCC_WARN_ABOUT_RETURN_TYPE = YES_ERROR;
				GCC_WARN_UNDECLARED_SELECTOR = YES;
				GCC_WARN_UNINITIALIZED_AUTOS = YES_AGGRESSIVE;
				GCC_WARN_UNUSED_FUNCTION = YES;
				GCC_WARN_UNUSED_VARIABLE = YES;
				IPHONEOS_DEPLOYMENT_TARGET = 15.0;
				MTL_ENABLE_DEBUG_INFO = NO;
				MTL_FAST_MATH = YES;
				SDKROOT = iphoneos;
				SWIFT_COMPILATION_MODE = wholemodule;
				SWIFT_OPTIMIZATION_LEVEL = "-O";
				VALIDATE_PRODUCT = YES;
			};
			name = Release;
		};
		22F859BC2744DD450021A469 /* Debug */ = {
			isa = XCBuildConfiguration;
			buildSettings = {
				ASSETCATALOG_COMPILER_APPICON_NAME = AppIcon;
				ASSETCATALOG_COMPILER_GLOBAL_ACCENT_COLOR_NAME = AccentColor;
				CODE_SIGN_STYLE = Automatic;
				CURRENT_PROJECT_VERSION = 1;
				DEVELOPMENT_ASSET_PATHS = "\"Oauth_alamofire_tutorial/Preview Content\"";
				DEVELOPMENT_TEAM = YBK6P7VNQ4;
				ENABLE_PREVIEWS = YES;
				GENERATE_INFOPLIST_FILE = YES;
				INFOPLIST_KEY_UIApplicationSceneManifest_Generation = YES;
				INFOPLIST_KEY_UIApplicationSupportsIndirectInputEvents = YES;
				INFOPLIST_KEY_UILaunchScreen_Generation = YES;
				INFOPLIST_KEY_UISupportedInterfaceOrientations_iPad = "UIInterfaceOrientationPortrait UIInterfaceOrientationPortraitUpsideDown UIInterfaceOrientationLandscapeLeft UIInterfaceOrientationLandscapeRight";
				INFOPLIST_KEY_UISupportedInterfaceOrientations_iPhone = "UIInterfaceOrientationPortrait UIInterfaceOrientationLandscapeLeft UIInterfaceOrientationLandscapeRight";
				LD_RUNPATH_SEARCH_PATHS = (
					"$(inherited)",
					"@executable_path/Frameworks",
				);
				MARKETING_VERSION = 1.0;
				PRODUCT_BUNDLE_IDENTIFIER = "coco.Oauth-alamofire-tutorial";
				PRODUCT_NAME = "$(TARGET_NAME)";
				SWIFT_EMIT_LOC_STRINGS = YES;
				SWIFT_VERSION = 5.0;
				TARGETED_DEVICE_FAMILY = "1,2";
			};
			name = Debug;
		};
		22F859BD2744DD450021A469 /* Release */ = {
			isa = XCBuildConfiguration;
			buildSettings = {
				ASSETCATALOG_COMPILER_APPICON_NAME = AppIcon;
				ASSETCATALOG_COMPILER_GLOBAL_ACCENT_COLOR_NAME = AccentColor;
				CODE_SIGN_STYLE = Automatic;
				CURRENT_PROJECT_VERSION = 1;
				DEVELOPMENT_ASSET_PATHS = "\"Oauth_alamofire_tutorial/Preview Content\"";
				DEVELOPMENT_TEAM = YBK6P7VNQ4;
				ENABLE_PREVIEWS = YES;
				GENERATE_INFOPLIST_FILE = YES;
				INFOPLIST_KEY_UIApplicationSceneManifest_Generation = YES;
				INFOPLIST_KEY_UIApplicationSupportsIndirectInputEvents = YES;
				INFOPLIST_KEY_UILaunchScreen_Generation = YES;
				INFOPLIST_KEY_UISupportedInterfaceOrientations_iPad = "UIInterfaceOrientationPortrait UIInterfaceOrientationPortraitUpsideDown UIInterfaceOrientationLandscapeLeft UIInterfaceOrientationLandscapeRight";
				INFOPLIST_KEY_UISupportedInterfaceOrientations_iPhone = "UIInterfaceOrientationPortrait UIInterfaceOrientationLandscapeLeft UIInterfaceOrientationLandscapeRight";
				LD_RUNPATH_SEARCH_PATHS = (
					"$(inherited)",
					"@executable_path/Frameworks",
				);
				MARKETING_VERSION = 1.0;
				PRODUCT_BUNDLE_IDENTIFIER = "coco.Oauth-alamofire-tutorial";
				PRODUCT_NAME = "$(TARGET_NAME)";
				SWIFT_EMIT_LOC_STRINGS = YES;
				SWIFT_VERSION = 5.0;
				TARGETED_DEVICE_FAMILY = "1,2";
			};
			name = Release;
		};
		22F859BF2744DD450021A469 /* Debug */ = {
			isa = XCBuildConfiguration;
			buildSettings = {
				ALWAYS_EMBED_SWIFT_STANDARD_LIBRARIES = YES;
				BUNDLE_LOADER = "$(TEST_HOST)";
				CODE_SIGN_STYLE = Automatic;
				CURRENT_PROJECT_VERSION = 1;
				DEVELOPMENT_TEAM = YBK6P7VNQ4;
				GENERATE_INFOPLIST_FILE = YES;
				IPHONEOS_DEPLOYMENT_TARGET = 15.0;
				LD_RUNPATH_SEARCH_PATHS = (
					"$(inherited)",
					"@executable_path/Frameworks",
					"@loader_path/Frameworks",
				);
				MARKETING_VERSION = 1.0;
				PRODUCT_BUNDLE_IDENTIFIER = "coco.Oauth-alamofire-tutorialTests";
				PRODUCT_NAME = "$(TARGET_NAME)";
				SWIFT_EMIT_LOC_STRINGS = NO;
				SWIFT_VERSION = 5.0;
				TARGETED_DEVICE_FAMILY = "1,2";
				TEST_HOST = "$(BUILT_PRODUCTS_DIR)/Oauth_alamofire_tutorial.app/Oauth_alamofire_tutorial";
			};
			name = Debug;
		};
		22F859C02744DD450021A469 /* Release */ = {
			isa = XCBuildConfiguration;
			buildSettings = {
				ALWAYS_EMBED_SWIFT_STANDARD_LIBRARIES = YES;
				BUNDLE_LOADER = "$(TEST_HOST)";
				CODE_SIGN_STYLE = Automatic;
				CURRENT_PROJECT_VERSION = 1;
				DEVELOPMENT_TEAM = YBK6P7VNQ4;
				GENERATE_INFOPLIST_FILE = YES;
				IPHONEOS_DEPLOYMENT_TARGET = 15.0;
				LD_RUNPATH_SEARCH_PATHS = (
					"$(inherited)",
					"@executable_path/Frameworks",
					"@loader_path/Frameworks",
				);
				MARKETING_VERSION = 1.0;
				PRODUCT_BUNDLE_IDENTIFIER = "coco.Oauth-alamofire-tutorialTests";
				PRODUCT_NAME = "$(TARGET_NAME)";
				SWIFT_EMIT_LOC_STRINGS = NO;
				SWIFT_VERSION = 5.0;
				TARGETED_DEVICE_FAMILY = "1,2";
				TEST_HOST = "$(BUILT_PRODUCTS_DIR)/Oauth_alamofire_tutorial.app/Oauth_alamofire_tutorial";
			};
			name = Release;
		};
		22F859C22744DD450021A469 /* Debug */ = {
			isa = XCBuildConfiguration;
			buildSettings = {
				ALWAYS_EMBED_SWIFT_STANDARD_LIBRARIES = YES;
				CODE_SIGN_STYLE = Automatic;
				CURRENT_PROJECT_VERSION = 1;
				DEVELOPMENT_TEAM = YBK6P7VNQ4;
				GENERATE_INFOPLIST_FILE = YES;
				LD_RUNPATH_SEARCH_PATHS = (
					"$(inherited)",
					"@executable_path/Frameworks",
					"@loader_path/Frameworks",
				);
				MARKETING_VERSION = 1.0;
				PRODUCT_BUNDLE_IDENTIFIER = "coco.Oauth-alamofire-tutorialUITests";
				PRODUCT_NAME = "$(TARGET_NAME)";
				SWIFT_EMIT_LOC_STRINGS = NO;
				SWIFT_VERSION = 5.0;
				TARGETED_DEVICE_FAMILY = "1,2";
				TEST_TARGET_NAME = Oauth_alamofire_tutorial;
			};
			name = Debug;
		};
		22F859C32744DD450021A469 /* Release */ = {
			isa = XCBuildConfiguration;
			buildSettings = {
				ALWAYS_EMBED_SWIFT_STANDARD_LIBRARIES = YES;
				CODE_SIGN_STYLE = Automatic;
				CURRENT_PROJECT_VERSION = 1;
				DEVELOPMENT_TEAM = YBK6P7VNQ4;
				GENERATE_INFOPLIST_FILE = YES;
				LD_RUNPATH_SEARCH_PATHS = (
					"$(inherited)",
					"@executable_path/Frameworks",
					"@loader_path/Frameworks",
				);
				MARKETING_VERSION = 1.0;
				PRODUCT_BUNDLE_IDENTIFIER = "coco.Oauth-alamofire-tutorialUITests";
				PRODUCT_NAME = "$(TARGET_NAME)";
				SWIFT_EMIT_LOC_STRINGS = NO;
				SWIFT_VERSION = 5.0;
				TARGETED_DEVICE_FAMILY = "1,2";
				TEST_TARGET_NAME = Oauth_alamofire_tutorial;
			};
			name = Release;
		};
/* End XCBuildConfiguration section */

/* Begin XCConfigurationList section */
		22F859922744DD420021A469 /* Build configuration list for PBXProject "Oauth_alamofire_tutorial" */ = {
			isa = XCConfigurationList;
			buildConfigurations = (
				22F859B92744DD450021A469 /* Debug */,
				22F859BA2744DD450021A469 /* Release */,
			);
			defaultConfigurationIsVisible = 0;
			defaultConfigurationName = Release;
		};
		22F859BB2744DD450021A469 /* Build configuration list for PBXNativeTarget "Oauth_alamofire_tutorial" */ = {
			isa = XCConfigurationList;
			buildConfigurations = (
				22F859BC2744DD450021A469 /* Debug */,
				22F859BD2744DD450021A469 /* Release */,
			);
			defaultConfigurationIsVisible = 0;
			defaultConfigurationName = Release;
		};
		22F859BE2744DD450021A469 /* Build configuration list for PBXNativeTarget "Oauth_alamofire_tutorialTests" */ = {
			isa = XCConfigurationList;
			buildConfigurations = (
				22F859BF2744DD450021A469 /* Debug */,
				22F859C02744DD450021A469 /* Release */,
			);
			defaultConfigurationIsVisible = 0;
			defaultConfigurationName = Release;
		};
		22F859C12744DD450021A469 /* Build configuration list for PBXNativeTarget "Oauth_alamofire_tutorialUITests" */ = {
			isa = XCConfigurationList;
			buildConfigurations = (
				22F859C22744DD450021A469 /* Debug */,
				22F859C32744DD450021A469 /* Release */,
			);
			defaultConfigurationIsVisible = 0;
			defaultConfigurationName = Release;
		};
/* End XCConfigurationList section */

/* Begin XCRemoteSwiftPackageReference section */
		22B186EA2745463600F1B01C /* XCRemoteSwiftPackageReference "Alamofire" */ = {
			isa = XCRemoteSwiftPackageReference;
			repositoryURL = "https://github.com/Alamofire/Alamofire.git";
			requirement = {
				kind = upToNextMajorVersion;
				minimumVersion = 5.0.0;
			};
		};
/* End XCRemoteSwiftPackageReference section */

/* Begin XCSwiftPackageProductDependency section */
		22B186EB2745463600F1B01C /* Alamofire */ = {
			isa = XCSwiftPackageProductDependency;
			package = 22B186EA2745463600F1B01C /* XCRemoteSwiftPackageReference "Alamofire" */;
			productName = Alamofire;
		};
/* End XCSwiftPackageProductDependency section */
	};
	rootObject = 22F8598F2744DD420021A469 /* Project object */;
}
